
Microsoft Visual Studio Solution File, Format Version 12.00
Project("{FAE04EC0-301F-11D3-BF4B-00C04F79EFBC}") = "DemoApi", "DemoApi\DemoApi.csproj", "{9C531F03-CA6A-4A29-9FB0-D105F69713D6}"
EndProject
Global
	GlobalSection(SolutionConfigurationPlatforms) = preSolution
		Debug|Any CPU = Debug|Any CPU
		Release|Any CPU = Release|Any CPU
	EndGlobalSection
	GlobalSection(ProjectConfigurationPlatforms) = postSolution
		{9C531F03-CA6A-4A29-9FB0-D105F69713D6}.Debug|Any CPU.ActiveCfg = Debug|Any CPU
		{9C531F03-CA6A-4A29-9FB0-D105F69713D6}.Debug|Any CPU.Build.0 = Debug|Any CPU
		{9C531F03-CA6A-4A29-9FB0-D105F69713D6}.Release|Any CPU.ActiveCfg = Release|Any CPU
		{9C531F03-CA6A-4A29-9FB0-D105F69713D6}.Release|Any CPU.Build.0 = Release|Any CPU
	EndGlobalSection
EndGlobal
